{
  "version": 4,
  "terraform_version": "1.9.8",
  "serial": 3020,
  "lineage": "10546fbb-ccae-26dc-44ec-f81c13f3642a",
  "outputs": {},
  "resources": [
    {
      "mode": "managed",
      "type": "google_compute_network",
      "name": "googleVpc",
      "provider": "provider[\"registry.terraform.io/hashicorp/google\"]",
      "instances": [
        {
          "schema_version": 0,
          "attributes": {
            "auto_create_subnetworks": false,
            "delete_default_routes_on_create": false,
            "description": "",
            "enable_ula_internal_ipv6": false,
            "gateway_ipv4": "",
            "id": "projects/multicloud-sitevpn-project/global/networks/my-gcp-vpc",
            "internal_ipv6_range": "",
            "mtu": 0,
            "name": "my-gcp-vpc",
            "network_firewall_policy_enforcement_order": "AFTER_CLASSIC_FIREWALL",
            "numeric_id": "7583777848205433608",
            "project": "multicloud-sitevpn-project",
            "routing_mode": "REGIONAL",
            "self_link": "https://www.googleapis.com/compute/v1/projects/multicloud-sitevpn-project/global/networks/my-gcp-vpc",
            "timeouts": null
          },
          "sensitive_attributes": [],
          "private": "eyJlMmJmYjczMC1lY2FhLTExZTYtOGY4OC0zNDM2M2JjN2M0YzAiOnsiY3JlYXRlIjoxMjAwMDAwMDAwMDAwLCJkZWxldGUiOjEyMDAwMDAwMDAwMDAsInVwZGF0ZSI6MTIwMDAwMDAwMDAwMH19"
        }
      ]
    },
    {
      "mode": "managed",
      "type": "google_compute_router",
      "name": "aws_gcp_router",
      "provider": "provider[\"registry.terraform.io/hashicorp/google\"]",
      "instances": [
        {
          "schema_version": 0,
          "attributes": {
            "bgp": [
              {
                "advertise_mode": "DEFAULT",
                "advertised_groups": [],
                "advertised_ip_ranges": [],
                "asn": 65000,
                "identifier_range": "",
                "keepalive_interval": 20
              }
            ],
            "creation_timestamp": "2024-12-27T18:44:04.321-08:00",
            "description": "",
            "encrypted_interconnect_router": false,
            "id": "projects/multicloud-sitevpn-project/regions/asia-northeast1/routers/aws-google-cloud-router",
            "name": "aws-google-cloud-router",
            "network": "https://www.googleapis.com/compute/v1/projects/multicloud-sitevpn-project/global/networks/my-gcp-vpc",
            "project": "multicloud-sitevpn-project",
            "region": "asia-northeast1",
            "self_link": "https://www.googleapis.com/compute/v1/projects/multicloud-sitevpn-project/regions/asia-northeast1/routers/aws-google-cloud-router",
            "timeouts": null
          },
          "sensitive_attributes": [],
          "private": "eyJlMmJmYjczMC1lY2FhLTExZTYtOGY4OC0zNDM2M2JjN2M0YzAiOnsiY3JlYXRlIjoxMjAwMDAwMDAwMDAwLCJkZWxldGUiOjEyMDAwMDAwMDAwMDAsInVwZGF0ZSI6MTIwMDAwMDAwMDAwMH19",
          "dependencies": [
            "google_compute_network.googleVpc"
          ]
        }
      ]
    }
  ],
  "check_results": null
}
